
Microsoft Visual Studio Solution File, Format Version 12.00
# Visual Studio Version 17
VisualStudioVersion = 17.5.33424.131
MinimumVisualStudioVersion = 10.0.40219.1
Project("{9A19103F-16F7-4668-BE54-9A1E7A4F7556}") = "BenevArts.Web", "BenevArts\BenevArts.Web.csproj", "{5A178E7E-5CAD-42F1-80FD-3234F3C31848}"
EndProject
Project("{2150E333-8FDC-42A3-9474-1A3956D46DE8}") = "Web", "Web", "{4A40A99E-9AB6-4EBF-AF27-B3CDAA0080D2}"
EndProject
Project("{2150E333-8FDC-42A3-9474-1A3956D46DE8}") = "Data", "Data", "{EC4D4822-1285-47A2-86E5-77265D24FDE6}"
EndProject
Project("{9A19103F-16F7-4668-BE54-9A1E7A4F7556}") = "BenevArts.Data", "BenevArts.Data\BenevArts.Data.csproj", "{A373A432-DF55-40DB-BB69-BADC0375FEB2}"
EndProject
Project("{9A19103F-16F7-4668-BE54-9A1E7A4F7556}") = "BenevArts.Data.Models", "BenevArts.Data.Models\BenevArts.Data.Models.csproj", "{A476D8D4-DEB4-40B0-9FF0-68CC73F5185D}"
EndProject
Project("{9A19103F-16F7-4668-BE54-9A1E7A4F7556}") = "BenevArts.Common", "BenevArts.Common\BenevArts.Common.csproj", "{B3385453-72EC-4A27-9471-DB1D4EF78ABB}"
EndProject
Project("{9A19103F-16F7-4668-BE54-9A1E7A4F7556}") = "BenevArts.Web.ViewModels", "BenevArts.Web.ViewModels\BenevArts.Web.ViewModels.csproj", "{7F990DF4-43C2-4E75-BA80-29D010B9B041}"
EndProject
Project("{2150E333-8FDC-42A3-9474-1A3956D46DE8}") = "Services", "Services", "{20909A24-8CB1-43C7-BAE7-AB86911C7EED}"
EndProject
Project("{FAE04EC0-301F-11D3-BF4B-00C04F79EFBC}") = "BenevArts.Services.Data", "BenevArts.Services.Data\BenevArts.Services.Data.csproj", "{F6D426E7-833F-4E4E-8AC0-31F9EA20537E}"
EndProject
Global
	GlobalSection(SolutionConfigurationPlatforms) = preSolution
		Debug|Any CPU = Debug|Any CPU
		Release|Any CPU = Release|Any CPU
	EndGlobalSection
	GlobalSection(ProjectConfigurationPlatforms) = postSolution
		{5A178E7E-5CAD-42F1-80FD-3234F3C31848}.Debug|Any CPU.ActiveCfg = Debug|Any CPU
		{5A178E7E-5CAD-42F1-80FD-3234F3C31848}.Debug|Any CPU.Build.0 = Debug|Any CPU
		{5A178E7E-5CAD-42F1-80FD-3234F3C31848}.Release|Any CPU.ActiveCfg = Release|Any CPU
		{5A178E7E-5CAD-42F1-80FD-3234F3C31848}.Release|Any CPU.Build.0 = Release|Any CPU
		{A373A432-DF55-40DB-BB69-BADC0375FEB2}.Debug|Any CPU.ActiveCfg = Debug|Any CPU
		{A373A432-DF55-40DB-BB69-BADC0375FEB2}.Debug|Any CPU.Build.0 = Debug|Any CPU
		{A373A432-DF55-40DB-BB69-BADC0375FEB2}.Release|Any CPU.ActiveCfg = Release|Any CPU
		{A373A432-DF55-40DB-BB69-BADC0375FEB2}.Release|Any CPU.Build.0 = Release|Any CPU
		{A476D8D4-DEB4-40B0-9FF0-68CC73F5185D}.Debug|Any CPU.ActiveCfg = Debug|Any CPU
		{A476D8D4-DEB4-40B0-9FF0-68CC73F5185D}.Debug|Any CPU.Build.0 = Debug|Any CPU
		{A476D8D4-DEB4-40B0-9FF0-68CC73F5185D}.Release|Any CPU.ActiveCfg = Release|Any CPU
		{A476D8D4-DEB4-40B0-9FF0-68CC73F5185D}.Release|Any CPU.Build.0 = Release|Any CPU
		{B3385453-72EC-4A27-9471-DB1D4EF78ABB}.Debug|Any CPU.ActiveCfg = Debug|Any CPU
		{B3385453-72EC-4A27-9471-DB1D4EF78ABB}.Debug|Any CPU.Build.0 = Debug|Any CPU
		{B3385453-72EC-4A27-9471-DB1D4EF78ABB}.Release|Any CPU.ActiveCfg = Release|Any CPU
		{B3385453-72EC-4A27-9471-DB1D4EF78ABB}.Release|Any CPU.Build.0 = Release|Any CPU
		{7F990DF4-43C2-4E75-BA80-29D010B9B041}.Debug|Any CPU.ActiveCfg = Debug|Any CPU
		{7F990DF4-43C2-4E75-BA80-29D010B9B041}.Debug|Any CPU.Build.0 = Debug|Any CPU
		{7F990DF4-43C2-4E75-BA80-29D010B9B041}.Release|Any CPU.ActiveCfg = Release|Any CPU
		{7F990DF4-43C2-4E75-BA80-29D010B9B041}.Release|Any CPU.Build.0 = Release|Any CPU
		{F6D426E7-833F-4E4E-8AC0-31F9EA20537E}.Debug|Any CPU.ActiveCfg = Debug|Any CPU
		{F6D426E7-833F-4E4E-8AC0-31F9EA20537E}.Debug|Any CPU.Build.0 = Debug|Any CPU
		{F6D426E7-833F-4E4E-8AC0-31F9EA20537E}.Release|Any CPU.ActiveCfg = Release|Any CPU
		{F6D426E7-833F-4E4E-8AC0-31F9EA20537E}.Release|Any CPU.Build.0 = Release|Any CPU
	EndGlobalSection
	GlobalSection(SolutionProperties) = preSolution
		HideSolutionNode = FALSE
	EndGlobalSection
	GlobalSection(NestedProjects) = preSolution
		{5A178E7E-5CAD-42F1-80FD-3234F3C31848} = {4A40A99E-9AB6-4EBF-AF27-B3CDAA0080D2}
		{A373A432-DF55-40DB-BB69-BADC0375FEB2} = {EC4D4822-1285-47A2-86E5-77265D24FDE6}
		{A476D8D4-DEB4-40B0-9FF0-68CC73F5185D} = {EC4D4822-1285-47A2-86E5-77265D24FDE6}
		{7F990DF4-43C2-4E75-BA80-29D010B9B041} = {4A40A99E-9AB6-4EBF-AF27-B3CDAA0080D2}
		{F6D426E7-833F-4E4E-8AC0-31F9EA20537E} = {20909A24-8CB1-43C7-BAE7-AB86911C7EED}
	EndGlobalSection
	GlobalSection(ExtensibilityGlobals) = postSolution
		SolutionGuid = {9AE9CF80-CB25-4AD3-9452-02739F179322}
	EndGlobalSection
EndGlobal
